
Microsoft Visual Studio Solution File, Format Version 12.00
# Visual Studio 14
VisualStudioVersion = 14.0.23107.0
MinimumVisualStudioVersion = 10.0.40219.1
Project("{2150E333-8FDC-42A3-9474-1A3956D46DE8}") = "Modules", "Modules", "{868126D5-0774-404A-8600-CA2E66444B6E}"
EndProject
Project("{2150E333-8FDC-42A3-9474-1A3956D46DE8}") = "Billing", "Billing", "{FC182A33-6B0B-4495-AD12-80BF375525D5}"
EndProject
Project("{2150E333-8FDC-42A3-9474-1A3956D46DE8}") = "UserManagement", "UserManagement", "{15C77416-8376-49E9-AA69-19BCB8F26AA1}"
EndProject
Project("{2150E333-8FDC-42A3-9474-1A3956D46DE8}") = "Processing", "Processing", "{CAFC87DF-EA77-4D93-9A21-A9B12B5D663F}"
EndProject
Project("{2150E333-8FDC-42A3-9474-1A3956D46DE8}") = "Persistence", "Persistence", "{A8AC2060-01F4-457B-B79C-1819BB10BF35}"
EndProject
Project("{2150E333-8FDC-42A3-9474-1A3956D46DE8}") = "Bus", "Bus", "{316941F7-50FE-42AF-9770-D22F53464044}"
EndProject
Project("{2150E333-8FDC-42A3-9474-1A3956D46DE8}") = "Clients", "Clients", "{1F41A172-B612-4D78-A33D-B803475912DA}"
EndProject
Project("{FAE04EC0-301F-11D3-BF4B-00C04F79EFBC}") = "ServiceBus", "Bus\ServiceBus\ServiceBus.csproj", "{FC2CFA38-DF8A-4B2F-88CD-03FF0F331F7A}"
EndProject
Project("{FAE04EC0-301F-11D3-BF4B-00C04F79EFBC}") = "Contracts", "Bus\Contracts\Contracts.csproj", "{A70E59BD-DE6F-4A6E-A1A0-6A7653C2B57E}"
EndProject
Project("{FAE04EC0-301F-11D3-BF4B-00C04F79EFBC}") = "Billing.Core", "Modules\Billing\Billing.Core\Billing.Core.csproj", "{2615B463-9B8F-415D-8CD7-B56B63E16A43}"
EndProject
Project("{FAE04EC0-301F-11D3-BF4B-00C04F79EFBC}") = "Billing.Consumer", "Modules\Billing\Billing.Consumer\Billing.Consumer.csproj", "{F7EB7ACD-4AF0-40C5-9115-A9CFEA500493}"
EndProject
Project("{FAE04EC0-301F-11D3-BF4B-00C04F79EFBC}") = "Processing.Core", "Modules\Processing\Processing.Core\Processing.Core.csproj", "{A0993C59-41A5-4252-94EF-70A4D9C76863}"
EndProject
Project("{FAE04EC0-301F-11D3-BF4B-00C04F79EFBC}") = "Processing.Consumer", "Modules\Processing\Processing.Consumer\Processing.Consumer.csproj", "{3A59E150-8C4B-4AB4-9297-61D9F3693E53}"
EndProject
Project("{FAE04EC0-301F-11D3-BF4B-00C04F79EFBC}") = "UserManagement.Consumer", "Modules\UserManagement\UserManagement.Consumer\UserManagement.Consumer.csproj", "{9567F7A8-54D2-43D7-81E5-4814FC213BC3}"
EndProject
Project("{FAE04EC0-301F-11D3-BF4B-00C04F79EFBC}") = "DAL", "Persistence\DAL\DAL.csproj", "{B302B1F2-3B65-4DAA-8607-C8045A6A7012}"
EndProject
Project("{2150E333-8FDC-42A3-9474-1A3956D46DE8}") = "Tests", "Tests", "{A6B9EE30-9D22-4269-9398-C3CD49940A36}"
EndProject
Project("{FAE04EC0-301F-11D3-BF4B-00C04F79EFBC}") = "Billing.Tests", "Tests\Billing.Tests\Billing.Tests.csproj", "{B8DB9D58-EE53-40F1-9280-3FD9D809C4FC}"
EndProject
Project("{FAE04EC0-301F-11D3-BF4B-00C04F79EFBC}") = "Processing.Tests", "Tests\Processing.Tests\Processing.Tests.csproj", "{174C412E-EDE9-4C69-A308-4232877D8325}"
EndProject
Project("{FAE04EC0-301F-11D3-BF4B-00C04F79EFBC}") = "WebApp.Tests", "Tests\WebApp.Tests\WebApp.Tests.csproj", "{9A814D0F-A9F7-40D5-97F9-36C4E6717422}"
EndProject
Project("{FAE04EC0-301F-11D3-BF4B-00C04F79EFBC}") = "WebApp", "WebApp\WebApp.csproj", "{2425A08E-8983-4F8A-9DED-35A6F8C73479}"
EndProject
Project("{FAE04EC0-301F-11D3-BF4B-00C04F79EFBC}") = "DAL.Tests", "Tests\DAL.Tests\DAL.Tests.csproj", "{20054B43-33DD-494D-AB2D-301B17F2EDAE}"
EndProject
Project("{FAE04EC0-301F-11D3-BF4B-00C04F79EFBC}") = "Model", "Persistence\Model\Model.csproj", "{EEFAAD57-EEC1-4CFF-81AF-2F90ADBCE037}"
EndProject
Project("{FAE04EC0-301F-11D3-BF4B-00C04F79EFBC}") = "ServiceBus.Config", "Bus\ServiceBus.Config\ServiceBus.Config.csproj", "{07AE4AA8-764D-467F-9C09-4BAC24D81D64}"
EndProject
Project("{FAE04EC0-301F-11D3-BF4B-00C04F79EFBC}") = "ServiceBus.Tests", "Tests\ServiceBus.Tests\ServiceBus.Tests.csproj", "{067456C0-086C-46A8-B37F-1405717B7BFC}"
EndProject
Global
	GlobalSection(SolutionConfigurationPlatforms) = preSolution
		Debug|Any CPU = Debug|Any CPU
		Debug|ARM = Debug|ARM
		Debug|x64 = Debug|x64
		Debug|x86 = Debug|x86
		Release|Any CPU = Release|Any CPU
		Release|ARM = Release|ARM
		Release|x64 = Release|x64
		Release|x86 = Release|x86
	EndGlobalSection
	GlobalSection(ProjectConfigurationPlatforms) = postSolution
		{FC2CFA38-DF8A-4B2F-88CD-03FF0F331F7A}.Debug|Any CPU.ActiveCfg = Debug|Any CPU
		{FC2CFA38-DF8A-4B2F-88CD-03FF0F331F7A}.Debug|Any CPU.Build.0 = Debug|Any CPU
		{FC2CFA38-DF8A-4B2F-88CD-03FF0F331F7A}.Debug|ARM.ActiveCfg = Debug|Any CPU
		{FC2CFA38-DF8A-4B2F-88CD-03FF0F331F7A}.Debug|ARM.Build.0 = Debug|Any CPU
		{FC2CFA38-DF8A-4B2F-88CD-03FF0F331F7A}.Debug|x64.ActiveCfg = Debug|Any CPU
		{FC2CFA38-DF8A-4B2F-88CD-03FF0F331F7A}.Debug|x64.Build.0 = Debug|Any CPU
		{FC2CFA38-DF8A-4B2F-88CD-03FF0F331F7A}.Debug|x86.ActiveCfg = Debug|Any CPU
		{FC2CFA38-DF8A-4B2F-88CD-03FF0F331F7A}.Debug|x86.Build.0 = Debug|Any CPU
		{FC2CFA38-DF8A-4B2F-88CD-03FF0F331F7A}.Release|Any CPU.ActiveCfg = Release|Any CPU
		{FC2CFA38-DF8A-4B2F-88CD-03FF0F331F7A}.Release|Any CPU.Build.0 = Release|Any CPU
		{FC2CFA38-DF8A-4B2F-88CD-03FF0F331F7A}.Release|ARM.ActiveCfg = Release|Any CPU
		{FC2CFA38-DF8A-4B2F-88CD-03FF0F331F7A}.Release|ARM.Build.0 = Release|Any CPU
		{FC2CFA38-DF8A-4B2F-88CD-03FF0F331F7A}.Release|x64.ActiveCfg = Release|Any CPU
		{FC2CFA38-DF8A-4B2F-88CD-03FF0F331F7A}.Release|x64.Build.0 = Release|Any CPU
		{FC2CFA38-DF8A-4B2F-88CD-03FF0F331F7A}.Release|x86.ActiveCfg = Release|Any CPU
		{FC2CFA38-DF8A-4B2F-88CD-03FF0F331F7A}.Release|x86.Build.0 = Release|Any CPU
		{A70E59BD-DE6F-4A6E-A1A0-6A7653C2B57E}.Debug|Any CPU.ActiveCfg = Debug|Any CPU
		{A70E59BD-DE6F-4A6E-A1A0-6A7653C2B57E}.Debug|Any CPU.Build.0 = Debug|Any CPU
		{A70E59BD-DE6F-4A6E-A1A0-6A7653C2B57E}.Debug|ARM.ActiveCfg = Debug|Any CPU
		{A70E59BD-DE6F-4A6E-A1A0-6A7653C2B57E}.Debug|ARM.Build.0 = Debug|Any CPU
		{A70E59BD-DE6F-4A6E-A1A0-6A7653C2B57E}.Debug|x64.ActiveCfg = Debug|Any CPU
		{A70E59BD-DE6F-4A6E-A1A0-6A7653C2B57E}.Debug|x64.Build.0 = Debug|Any CPU
		{A70E59BD-DE6F-4A6E-A1A0-6A7653C2B57E}.Debug|x86.ActiveCfg = Debug|Any CPU
		{A70E59BD-DE6F-4A6E-A1A0-6A7653C2B57E}.Debug|x86.Build.0 = Debug|Any CPU
		{A70E59BD-DE6F-4A6E-A1A0-6A7653C2B57E}.Release|Any CPU.ActiveCfg = Release|Any CPU
		{A70E59BD-DE6F-4A6E-A1A0-6A7653C2B57E}.Release|Any CPU.Build.0 = Release|Any CPU
		{A70E59BD-DE6F-4A6E-A1A0-6A7653C2B57E}.Release|ARM.ActiveCfg = Release|Any CPU
		{A70E59BD-DE6F-4A6E-A1A0-6A7653C2B57E}.Release|ARM.Build.0 = Release|Any CPU
		{A70E59BD-DE6F-4A6E-A1A0-6A7653C2B57E}.Release|x64.ActiveCfg = Release|Any CPU
		{A70E59BD-DE6F-4A6E-A1A0-6A7653C2B57E}.Release|x64.Build.0 = Release|Any CPU
		{A70E59BD-DE6F-4A6E-A1A0-6A7653C2B57E}.Release|x86.ActiveCfg = Release|Any CPU
		{A70E59BD-DE6F-4A6E-A1A0-6A7653C2B57E}.Release|x86.Build.0 = Release|Any CPU
		{2615B463-9B8F-415D-8CD7-B56B63E16A43}.Debug|Any CPU.ActiveCfg = Debug|Any CPU
		{2615B463-9B8F-415D-8CD7-B56B63E16A43}.Debug|Any CPU.Build.0 = Debug|Any CPU
		{2615B463-9B8F-415D-8CD7-B56B63E16A43}.Debug|ARM.ActiveCfg = Debug|Any CPU
		{2615B463-9B8F-415D-8CD7-B56B63E16A43}.Debug|ARM.Build.0 = Debug|Any CPU
		{2615B463-9B8F-415D-8CD7-B56B63E16A43}.Debug|x64.ActiveCfg = Debug|Any CPU
		{2615B463-9B8F-415D-8CD7-B56B63E16A43}.Debug|x64.Build.0 = Debug|Any CPU
		{2615B463-9B8F-415D-8CD7-B56B63E16A43}.Debug|x86.ActiveCfg = Debug|Any CPU
		{2615B463-9B8F-415D-8CD7-B56B63E16A43}.Debug|x86.Build.0 = Debug|Any CPU
		{2615B463-9B8F-415D-8CD7-B56B63E16A43}.Release|Any CPU.ActiveCfg = Release|Any CPU
		{2615B463-9B8F-415D-8CD7-B56B63E16A43}.Release|Any CPU.Build.0 = Release|Any CPU
		{2615B463-9B8F-415D-8CD7-B56B63E16A43}.Release|ARM.ActiveCfg = Release|Any CPU
		{2615B463-9B8F-415D-8CD7-B56B63E16A43}.Release|ARM.Build.0 = Release|Any CPU
		{2615B463-9B8F-415D-8CD7-B56B63E16A43}.Release|x64.ActiveCfg = Release|Any CPU
		{2615B463-9B8F-415D-8CD7-B56B63E16A43}.Release|x64.Build.0 = Release|Any CPU
		{2615B463-9B8F-415D-8CD7-B56B63E16A43}.Release|x86.ActiveCfg = Release|Any CPU
		{2615B463-9B8F-415D-8CD7-B56B63E16A43}.Release|x86.Build.0 = Release|Any CPU
		{F7EB7ACD-4AF0-40C5-9115-A9CFEA500493}.Debug|Any CPU.ActiveCfg = Debug|Any CPU
		{F7EB7ACD-4AF0-40C5-9115-A9CFEA500493}.Debug|Any CPU.Build.0 = Debug|Any CPU
		{F7EB7ACD-4AF0-40C5-9115-A9CFEA500493}.Debug|ARM.ActiveCfg = Debug|Any CPU
		{F7EB7ACD-4AF0-40C5-9115-A9CFEA500493}.Debug|ARM.Build.0 = Debug|Any CPU
		{F7EB7ACD-4AF0-40C5-9115-A9CFEA500493}.Debug|x64.ActiveCfg = Debug|Any CPU
		{F7EB7ACD-4AF0-40C5-9115-A9CFEA500493}.Debug|x64.Build.0 = Debug|Any CPU
		{F7EB7ACD-4AF0-40C5-9115-A9CFEA500493}.Debug|x86.ActiveCfg = Debug|Any CPU
		{F7EB7ACD-4AF0-40C5-9115-A9CFEA500493}.Debug|x86.Build.0 = Debug|Any CPU
		{F7EB7ACD-4AF0-40C5-9115-A9CFEA500493}.Release|Any CPU.ActiveCfg = Release|Any CPU
		{F7EB7ACD-4AF0-40C5-9115-A9CFEA500493}.Release|Any CPU.Build.0 = Release|Any CPU
		{F7EB7ACD-4AF0-40C5-9115-A9CFEA500493}.Release|ARM.ActiveCfg = Release|Any CPU
		{F7EB7ACD-4AF0-40C5-9115-A9CFEA500493}.Release|ARM.Build.0 = Release|Any CPU
		{F7EB7ACD-4AF0-40C5-9115-A9CFEA500493}.Release|x64.ActiveCfg = Release|Any CPU
		{F7EB7ACD-4AF0-40C5-9115-A9CFEA500493}.Release|x64.Build.0 = Release|Any CPU
		{F7EB7ACD-4AF0-40C5-9115-A9CFEA500493}.Release|x86.ActiveCfg = Release|Any CPU
		{F7EB7ACD-4AF0-40C5-9115-A9CFEA500493}.Release|x86.Build.0 = Release|Any CPU
		{A0993C59-41A5-4252-94EF-70A4D9C76863}.Debug|Any CPU.ActiveCfg = Debug|Any CPU
		{A0993C59-41A5-4252-94EF-70A4D9C76863}.Debug|Any CPU.Build.0 = Debug|Any CPU
		{A0993C59-41A5-4252-94EF-70A4D9C76863}.Debug|ARM.ActiveCfg = Debug|Any CPU
		{A0993C59-41A5-4252-94EF-70A4D9C76863}.Debug|ARM.Build.0 = Debug|Any CPU
		{A0993C59-41A5-4252-94EF-70A4D9C76863}.Debug|x64.ActiveCfg = Debug|Any CPU
		{A0993C59-41A5-4252-94EF-70A4D9C76863}.Debug|x64.Build.0 = Debug|Any CPU
		{A0993C59-41A5-4252-94EF-70A4D9C76863}.Debug|x86.ActiveCfg = Debug|Any CPU
		{A0993C59-41A5-4252-94EF-70A4D9C76863}.Debug|x86.Build.0 = Debug|Any CPU
		{A0993C59-41A5-4252-94EF-70A4D9C76863}.Release|Any CPU.ActiveCfg = Release|Any CPU
		{A0993C59-41A5-4252-94EF-70A4D9C76863}.Release|Any CPU.Build.0 = Release|Any CPU
		{A0993C59-41A5-4252-94EF-70A4D9C76863}.Release|ARM.ActiveCfg = Release|Any CPU
		{A0993C59-41A5-4252-94EF-70A4D9C76863}.Release|ARM.Build.0 = Release|Any CPU
		{A0993C59-41A5-4252-94EF-70A4D9C76863}.Release|x64.ActiveCfg = Release|Any CPU
		{A0993C59-41A5-4252-94EF-70A4D9C76863}.Release|x64.Build.0 = Release|Any CPU
		{A0993C59-41A5-4252-94EF-70A4D9C76863}.Release|x86.ActiveCfg = Release|Any CPU
		{A0993C59-41A5-4252-94EF-70A4D9C76863}.Release|x86.Build.0 = Release|Any CPU
		{3A59E150-8C4B-4AB4-9297-61D9F3693E53}.Debug|Any CPU.ActiveCfg = Debug|Any CPU
		{3A59E150-8C4B-4AB4-9297-61D9F3693E53}.Debug|Any CPU.Build.0 = Debug|Any CPU
		{3A59E150-8C4B-4AB4-9297-61D9F3693E53}.Debug|ARM.ActiveCfg = Debug|Any CPU
		{3A59E150-8C4B-4AB4-9297-61D9F3693E53}.Debug|ARM.Build.0 = Debug|Any CPU
		{3A59E150-8C4B-4AB4-9297-61D9F3693E53}.Debug|x64.ActiveCfg = Debug|Any CPU
		{3A59E150-8C4B-4AB4-9297-61D9F3693E53}.Debug|x64.Build.0 = Debug|Any CPU
		{3A59E150-8C4B-4AB4-9297-61D9F3693E53}.Debug|x86.ActiveCfg = Debug|Any CPU
		{3A59E150-8C4B-4AB4-9297-61D9F3693E53}.Debug|x86.Build.0 = Debug|Any CPU
		{3A59E150-8C4B-4AB4-9297-61D9F3693E53}.Release|Any CPU.ActiveCfg = Release|Any CPU
		{3A59E150-8C4B-4AB4-9297-61D9F3693E53}.Release|Any CPU.Build.0 = Release|Any CPU
		{3A59E150-8C4B-4AB4-9297-61D9F3693E53}.Release|ARM.ActiveCfg = Release|Any CPU
		{3A59E150-8C4B-4AB4-9297-61D9F3693E53}.Release|ARM.Build.0 = Release|Any CPU
		{3A59E150-8C4B-4AB4-9297-61D9F3693E53}.Release|x64.ActiveCfg = Release|Any CPU
		{3A59E150-8C4B-4AB4-9297-61D9F3693E53}.Release|x64.Build.0 = Release|Any CPU
		{3A59E150-8C4B-4AB4-9297-61D9F3693E53}.Release|x86.ActiveCfg = Release|Any CPU
		{3A59E150-8C4B-4AB4-9297-61D9F3693E53}.Release|x86.Build.0 = Release|Any CPU
		{9567F7A8-54D2-43D7-81E5-4814FC213BC3}.Debug|Any CPU.ActiveCfg = Debug|Any CPU
		{9567F7A8-54D2-43D7-81E5-4814FC213BC3}.Debug|Any CPU.Build.0 = Debug|Any CPU
		{9567F7A8-54D2-43D7-81E5-4814FC213BC3}.Debug|ARM.ActiveCfg = Debug|Any CPU
		{9567F7A8-54D2-43D7-81E5-4814FC213BC3}.Debug|ARM.Build.0 = Debug|Any CPU
		{9567F7A8-54D2-43D7-81E5-4814FC213BC3}.Debug|x64.ActiveCfg = Debug|Any CPU
		{9567F7A8-54D2-43D7-81E5-4814FC213BC3}.Debug|x64.Build.0 = Debug|Any CPU
		{9567F7A8-54D2-43D7-81E5-4814FC213BC3}.Debug|x86.ActiveCfg = Debug|Any CPU
		{9567F7A8-54D2-43D7-81E5-4814FC213BC3}.Debug|x86.Build.0 = Debug|Any CPU
		{9567F7A8-54D2-43D7-81E5-4814FC213BC3}.Release|Any CPU.ActiveCfg = Release|Any CPU
		{9567F7A8-54D2-43D7-81E5-4814FC213BC3}.Release|Any CPU.Build.0 = Release|Any CPU
		{9567F7A8-54D2-43D7-81E5-4814FC213BC3}.Release|ARM.ActiveCfg = Release|Any CPU
		{9567F7A8-54D2-43D7-81E5-4814FC213BC3}.Release|ARM.Build.0 = Release|Any CPU
		{9567F7A8-54D2-43D7-81E5-4814FC213BC3}.Release|x64.ActiveCfg = Release|Any CPU
		{9567F7A8-54D2-43D7-81E5-4814FC213BC3}.Release|x64.Build.0 = Release|Any CPU
		{9567F7A8-54D2-43D7-81E5-4814FC213BC3}.Release|x86.ActiveCfg = Release|Any CPU
		{9567F7A8-54D2-43D7-81E5-4814FC213BC3}.Release|x86.Build.0 = Release|Any CPU
		{B302B1F2-3B65-4DAA-8607-C8045A6A7012}.Debug|Any CPU.ActiveCfg = Debug|Any CPU
		{B302B1F2-3B65-4DAA-8607-C8045A6A7012}.Debug|Any CPU.Build.0 = Debug|Any CPU
		{B302B1F2-3B65-4DAA-8607-C8045A6A7012}.Debug|ARM.ActiveCfg = Debug|Any CPU
		{B302B1F2-3B65-4DAA-8607-C8045A6A7012}.Debug|ARM.Build.0 = Debug|Any CPU
		{B302B1F2-3B65-4DAA-8607-C8045A6A7012}.Debug|x64.ActiveCfg = Debug|Any CPU
		{B302B1F2-3B65-4DAA-8607-C8045A6A7012}.Debug|x64.Build.0 = Debug|Any CPU
		{B302B1F2-3B65-4DAA-8607-C8045A6A7012}.Debug|x86.ActiveCfg = Debug|Any CPU
		{B302B1F2-3B65-4DAA-8607-C8045A6A7012}.Debug|x86.Build.0 = Debug|Any CPU
		{B302B1F2-3B65-4DAA-8607-C8045A6A7012}.Release|Any CPU.ActiveCfg = Release|Any CPU
		{B302B1F2-3B65-4DAA-8607-C8045A6A7012}.Release|Any CPU.Build.0 = Release|Any CPU
		{B302B1F2-3B65-4DAA-8607-C8045A6A7012}.Release|ARM.ActiveCfg = Release|Any CPU
		{B302B1F2-3B65-4DAA-8607-C8045A6A7012}.Release|ARM.Build.0 = Release|Any CPU
		{B302B1F2-3B65-4DAA-8607-C8045A6A7012}.Release|x64.ActiveCfg = Release|Any CPU
		{B302B1F2-3B65-4DAA-8607-C8045A6A7012}.Release|x64.Build.0 = Release|Any CPU
		{B302B1F2-3B65-4DAA-8607-C8045A6A7012}.Release|x86.ActiveCfg = Release|Any CPU
		{B302B1F2-3B65-4DAA-8607-C8045A6A7012}.Release|x86.Build.0 = Release|Any CPU
		{B8DB9D58-EE53-40F1-9280-3FD9D809C4FC}.Debug|Any CPU.ActiveCfg = Debug|Any CPU
		{B8DB9D58-EE53-40F1-9280-3FD9D809C4FC}.Debug|Any CPU.Build.0 = Debug|Any CPU
		{B8DB9D58-EE53-40F1-9280-3FD9D809C4FC}.Debug|ARM.ActiveCfg = Debug|Any CPU
		{B8DB9D58-EE53-40F1-9280-3FD9D809C4FC}.Debug|ARM.Build.0 = Debug|Any CPU
		{B8DB9D58-EE53-40F1-9280-3FD9D809C4FC}.Debug|x64.ActiveCfg = Debug|Any CPU
		{B8DB9D58-EE53-40F1-9280-3FD9D809C4FC}.Debug|x64.Build.0 = Debug|Any CPU
		{B8DB9D58-EE53-40F1-9280-3FD9D809C4FC}.Debug|x86.ActiveCfg = Debug|Any CPU
		{B8DB9D58-EE53-40F1-9280-3FD9D809C4FC}.Debug|x86.Build.0 = Debug|Any CPU
		{B8DB9D58-EE53-40F1-9280-3FD9D809C4FC}.Release|Any CPU.ActiveCfg = Release|Any CPU
		{B8DB9D58-EE53-40F1-9280-3FD9D809C4FC}.Release|Any CPU.Build.0 = Release|Any CPU
		{B8DB9D58-EE53-40F1-9280-3FD9D809C4FC}.Release|ARM.ActiveCfg = Release|Any CPU
		{B8DB9D58-EE53-40F1-9280-3FD9D809C4FC}.Release|ARM.Build.0 = Release|Any CPU
		{B8DB9D58-EE53-40F1-9280-3FD9D809C4FC}.Release|x64.ActiveCfg = Release|Any CPU
		{B8DB9D58-EE53-40F1-9280-3FD9D809C4FC}.Release|x64.Build.0 = Release|Any CPU
		{B8DB9D58-EE53-40F1-9280-3FD9D809C4FC}.Release|x86.ActiveCfg = Release|Any CPU
		{B8DB9D58-EE53-40F1-9280-3FD9D809C4FC}.Release|x86.Build.0 = Release|Any CPU
		{174C412E-EDE9-4C69-A308-4232877D8325}.Debug|Any CPU.ActiveCfg = Debug|Any CPU
		{174C412E-EDE9-4C69-A308-4232877D8325}.Debug|Any CPU.Build.0 = Debug|Any CPU
		{174C412E-EDE9-4C69-A308-4232877D8325}.Debug|ARM.ActiveCfg = Debug|Any CPU
		{174C412E-EDE9-4C69-A308-4232877D8325}.Debug|ARM.Build.0 = Debug|Any CPU
		{174C412E-EDE9-4C69-A308-4232877D8325}.Debug|x64.ActiveCfg = Debug|Any CPU
		{174C412E-EDE9-4C69-A308-4232877D8325}.Debug|x64.Build.0 = Debug|Any CPU
		{174C412E-EDE9-4C69-A308-4232877D8325}.Debug|x86.ActiveCfg = Debug|Any CPU
		{174C412E-EDE9-4C69-A308-4232877D8325}.Debug|x86.Build.0 = Debug|Any CPU
		{174C412E-EDE9-4C69-A308-4232877D8325}.Release|Any CPU.ActiveCfg = Release|Any CPU
		{174C412E-EDE9-4C69-A308-4232877D8325}.Release|Any CPU.Build.0 = Release|Any CPU
		{174C412E-EDE9-4C69-A308-4232877D8325}.Release|ARM.ActiveCfg = Release|Any CPU
		{174C412E-EDE9-4C69-A308-4232877D8325}.Release|ARM.Build.0 = Release|Any CPU
		{174C412E-EDE9-4C69-A308-4232877D8325}.Release|x64.ActiveCfg = Release|Any CPU
		{174C412E-EDE9-4C69-A308-4232877D8325}.Release|x64.Build.0 = Release|Any CPU
		{174C412E-EDE9-4C69-A308-4232877D8325}.Release|x86.ActiveCfg = Release|Any CPU
		{174C412E-EDE9-4C69-A308-4232877D8325}.Release|x86.Build.0 = Release|Any CPU
		{9A814D0F-A9F7-40D5-97F9-36C4E6717422}.Debug|Any CPU.ActiveCfg = Debug|Any CPU
		{9A814D0F-A9F7-40D5-97F9-36C4E6717422}.Debug|Any CPU.Build.0 = Debug|Any CPU
		{9A814D0F-A9F7-40D5-97F9-36C4E6717422}.Debug|ARM.ActiveCfg = Debug|Any CPU
		{9A814D0F-A9F7-40D5-97F9-36C4E6717422}.Debug|ARM.Build.0 = Debug|Any CPU
		{9A814D0F-A9F7-40D5-97F9-36C4E6717422}.Debug|x64.ActiveCfg = Debug|Any CPU
		{9A814D0F-A9F7-40D5-97F9-36C4E6717422}.Debug|x64.Build.0 = Debug|Any CPU
		{9A814D0F-A9F7-40D5-97F9-36C4E6717422}.Debug|x86.ActiveCfg = Debug|Any CPU
		{9A814D0F-A9F7-40D5-97F9-36C4E6717422}.Debug|x86.Build.0 = Debug|Any CPU
		{9A814D0F-A9F7-40D5-97F9-36C4E6717422}.Release|Any CPU.ActiveCfg = Release|Any CPU
		{9A814D0F-A9F7-40D5-97F9-36C4E6717422}.Release|Any CPU.Build.0 = Release|Any CPU
		{9A814D0F-A9F7-40D5-97F9-36C4E6717422}.Release|ARM.ActiveCfg = Release|Any CPU
		{9A814D0F-A9F7-40D5-97F9-36C4E6717422}.Release|ARM.Build.0 = Release|Any CPU
		{9A814D0F-A9F7-40D5-97F9-36C4E6717422}.Release|x64.ActiveCfg = Release|Any CPU
		{9A814D0F-A9F7-40D5-97F9-36C4E6717422}.Release|x64.Build.0 = Release|Any CPU
		{9A814D0F-A9F7-40D5-97F9-36C4E6717422}.Release|x86.ActiveCfg = Release|Any CPU
		{9A814D0F-A9F7-40D5-97F9-36C4E6717422}.Release|x86.Build.0 = Release|Any CPU
		{2425A08E-8983-4F8A-9DED-35A6F8C73479}.Debug|Any CPU.ActiveCfg = Debug|Any CPU
		{2425A08E-8983-4F8A-9DED-35A6F8C73479}.Debug|Any CPU.Build.0 = Debug|Any CPU
		{2425A08E-8983-4F8A-9DED-35A6F8C73479}.Debug|ARM.ActiveCfg = Debug|Any CPU
		{2425A08E-8983-4F8A-9DED-35A6F8C73479}.Debug|ARM.Build.0 = Debug|Any CPU
		{2425A08E-8983-4F8A-9DED-35A6F8C73479}.Debug|x64.ActiveCfg = Debug|Any CPU
		{2425A08E-8983-4F8A-9DED-35A6F8C73479}.Debug|x64.Build.0 = Debug|Any CPU
		{2425A08E-8983-4F8A-9DED-35A6F8C73479}.Debug|x86.ActiveCfg = Debug|Any CPU
		{2425A08E-8983-4F8A-9DED-35A6F8C73479}.Debug|x86.Build.0 = Debug|Any CPU
		{2425A08E-8983-4F8A-9DED-35A6F8C73479}.Release|Any CPU.ActiveCfg = Release|Any CPU
		{2425A08E-8983-4F8A-9DED-35A6F8C73479}.Release|Any CPU.Build.0 = Release|Any CPU
		{2425A08E-8983-4F8A-9DED-35A6F8C73479}.Release|ARM.ActiveCfg = Release|Any CPU
		{2425A08E-8983-4F8A-9DED-35A6F8C73479}.Release|ARM.Build.0 = Release|Any CPU
		{2425A08E-8983-4F8A-9DED-35A6F8C73479}.Release|x64.ActiveCfg = Release|Any CPU
		{2425A08E-8983-4F8A-9DED-35A6F8C73479}.Release|x64.Build.0 = Release|Any CPU
		{2425A08E-8983-4F8A-9DED-35A6F8C73479}.Release|x86.ActiveCfg = Release|Any CPU
		{2425A08E-8983-4F8A-9DED-35A6F8C73479}.Release|x86.Build.0 = Release|Any CPU
		{20054B43-33DD-494D-AB2D-301B17F2EDAE}.Debug|Any CPU.ActiveCfg = Debug|Any CPU
		{20054B43-33DD-494D-AB2D-301B17F2EDAE}.Debug|Any CPU.Build.0 = Debug|Any CPU
		{20054B43-33DD-494D-AB2D-301B17F2EDAE}.Debug|ARM.ActiveCfg = Debug|Any CPU
		{20054B43-33DD-494D-AB2D-301B17F2EDAE}.Debug|ARM.Build.0 = Debug|Any CPU
		{20054B43-33DD-494D-AB2D-301B17F2EDAE}.Debug|x64.ActiveCfg = Debug|Any CPU
		{20054B43-33DD-494D-AB2D-301B17F2EDAE}.Debug|x64.Build.0 = Debug|Any CPU
		{20054B43-33DD-494D-AB2D-301B17F2EDAE}.Debug|x86.ActiveCfg = Debug|Any CPU
		{20054B43-33DD-494D-AB2D-301B17F2EDAE}.Debug|x86.Build.0 = Debug|Any CPU
		{20054B43-33DD-494D-AB2D-301B17F2EDAE}.Release|Any CPU.ActiveCfg = Release|Any CPU
		{20054B43-33DD-494D-AB2D-301B17F2EDAE}.Release|Any CPU.Build.0 = Release|Any CPU
		{20054B43-33DD-494D-AB2D-301B17F2EDAE}.Release|ARM.ActiveCfg = Release|Any CPU
		{20054B43-33DD-494D-AB2D-301B17F2EDAE}.Release|ARM.Build.0 = Release|Any CPU
		{20054B43-33DD-494D-AB2D-301B17F2EDAE}.Release|x64.ActiveCfg = Release|Any CPU
		{20054B43-33DD-494D-AB2D-301B17F2EDAE}.Release|x64.Build.0 = Release|Any CPU
		{20054B43-33DD-494D-AB2D-301B17F2EDAE}.Release|x86.ActiveCfg = Release|Any CPU
		{20054B43-33DD-494D-AB2D-301B17F2EDAE}.Release|x86.Build.0 = Release|Any CPU
		{EEFAAD57-EEC1-4CFF-81AF-2F90ADBCE037}.Debug|Any CPU.ActiveCfg = Debug|Any CPU
		{EEFAAD57-EEC1-4CFF-81AF-2F90ADBCE037}.Debug|Any CPU.Build.0 = Debug|Any CPU
		{EEFAAD57-EEC1-4CFF-81AF-2F90ADBCE037}.Debug|ARM.ActiveCfg = Debug|Any CPU
		{EEFAAD57-EEC1-4CFF-81AF-2F90ADBCE037}.Debug|ARM.Build.0 = Debug|Any CPU
		{EEFAAD57-EEC1-4CFF-81AF-2F90ADBCE037}.Debug|x64.ActiveCfg = Debug|Any CPU
		{EEFAAD57-EEC1-4CFF-81AF-2F90ADBCE037}.Debug|x64.Build.0 = Debug|Any CPU
		{EEFAAD57-EEC1-4CFF-81AF-2F90ADBCE037}.Debug|x86.ActiveCfg = Debug|Any CPU
		{EEFAAD57-EEC1-4CFF-81AF-2F90ADBCE037}.Debug|x86.Build.0 = Debug|Any CPU
		{EEFAAD57-EEC1-4CFF-81AF-2F90ADBCE037}.Release|Any CPU.ActiveCfg = Release|Any CPU
		{EEFAAD57-EEC1-4CFF-81AF-2F90ADBCE037}.Release|Any CPU.Build.0 = Release|Any CPU
		{EEFAAD57-EEC1-4CFF-81AF-2F90ADBCE037}.Release|ARM.ActiveCfg = Release|Any CPU
		{EEFAAD57-EEC1-4CFF-81AF-2F90ADBCE037}.Release|ARM.Build.0 = Release|Any CPU
		{EEFAAD57-EEC1-4CFF-81AF-2F90ADBCE037}.Release|x64.ActiveCfg = Release|Any CPU
		{EEFAAD57-EEC1-4CFF-81AF-2F90ADBCE037}.Release|x64.Build.0 = Release|Any CPU
		{EEFAAD57-EEC1-4CFF-81AF-2F90ADBCE037}.Release|x86.ActiveCfg = Release|Any CPU
		{EEFAAD57-EEC1-4CFF-81AF-2F90ADBCE037}.Release|x86.Build.0 = Release|Any CPU
		{07AE4AA8-764D-467F-9C09-4BAC24D81D64}.Debug|Any CPU.ActiveCfg = Debug|Any CPU
		{07AE4AA8-764D-467F-9C09-4BAC24D81D64}.Debug|Any CPU.Build.0 = Debug|Any CPU
		{07AE4AA8-764D-467F-9C09-4BAC24D81D64}.Debug|ARM.ActiveCfg = Debug|Any CPU
		{07AE4AA8-764D-467F-9C09-4BAC24D81D64}.Debug|ARM.Build.0 = Debug|Any CPU
		{07AE4AA8-764D-467F-9C09-4BAC24D81D64}.Debug|x64.ActiveCfg = Debug|Any CPU
		{07AE4AA8-764D-467F-9C09-4BAC24D81D64}.Debug|x64.Build.0 = Debug|Any CPU
		{07AE4AA8-764D-467F-9C09-4BAC24D81D64}.Debug|x86.ActiveCfg = Debug|Any CPU
		{07AE4AA8-764D-467F-9C09-4BAC24D81D64}.Debug|x86.Build.0 = Debug|Any CPU
		{07AE4AA8-764D-467F-9C09-4BAC24D81D64}.Release|Any CPU.ActiveCfg = Release|Any CPU
		{07AE4AA8-764D-467F-9C09-4BAC24D81D64}.Release|Any CPU.Build.0 = Release|Any CPU
		{07AE4AA8-764D-467F-9C09-4BAC24D81D64}.Release|ARM.ActiveCfg = Release|Any CPU
		{07AE4AA8-764D-467F-9C09-4BAC24D81D64}.Release|ARM.Build.0 = Release|Any CPU
		{07AE4AA8-764D-467F-9C09-4BAC24D81D64}.Release|x64.ActiveCfg = Release|Any CPU
		{07AE4AA8-764D-467F-9C09-4BAC24D81D64}.Release|x64.Build.0 = Release|Any CPU
		{07AE4AA8-764D-467F-9C09-4BAC24D81D64}.Release|x86.ActiveCfg = Release|Any CPU
		{07AE4AA8-764D-467F-9C09-4BAC24D81D64}.Release|x86.Build.0 = Release|Any CPU
		{067456C0-086C-46A8-B37F-1405717B7BFC}.Debug|Any CPU.ActiveCfg = Debug|Any CPU
		{067456C0-086C-46A8-B37F-1405717B7BFC}.Debug|Any CPU.Build.0 = Debug|Any CPU
		{067456C0-086C-46A8-B37F-1405717B7BFC}.Debug|ARM.ActiveCfg = Debug|Any CPU
		{067456C0-086C-46A8-B37F-1405717B7BFC}.Debug|ARM.Build.0 = Debug|Any CPU
		{067456C0-086C-46A8-B37F-1405717B7BFC}.Debug|x64.ActiveCfg = Debug|Any CPU
		{067456C0-086C-46A8-B37F-1405717B7BFC}.Debug|x64.Build.0 = Debug|Any CPU
		{067456C0-086C-46A8-B37F-1405717B7BFC}.Debug|x86.ActiveCfg = Debug|Any CPU
		{067456C0-086C-46A8-B37F-1405717B7BFC}.Debug|x86.Build.0 = Debug|Any CPU
		{067456C0-086C-46A8-B37F-1405717B7BFC}.Release|Any CPU.ActiveCfg = Release|Any CPU
		{067456C0-086C-46A8-B37F-1405717B7BFC}.Release|Any CPU.Build.0 = Release|Any CPU
		{067456C0-086C-46A8-B37F-1405717B7BFC}.Release|ARM.ActiveCfg = Release|Any CPU
		{067456C0-086C-46A8-B37F-1405717B7BFC}.Release|ARM.Build.0 = Release|Any CPU
		{067456C0-086C-46A8-B37F-1405717B7BFC}.Release|x64.ActiveCfg = Release|Any CPU
		{067456C0-086C-46A8-B37F-1405717B7BFC}.Release|x64.Build.0 = Release|Any CPU
		{067456C0-086C-46A8-B37F-1405717B7BFC}.Release|x86.ActiveCfg = Release|Any CPU
		{067456C0-086C-46A8-B37F-1405717B7BFC}.Release|x86.Build.0 = Release|Any CPU
	EndGlobalSection
	GlobalSection(SolutionProperties) = preSolution
		HideSolutionNode = FALSE
	EndGlobalSection
	GlobalSection(NestedProjects) = preSolution
		{FC182A33-6B0B-4495-AD12-80BF375525D5} = {868126D5-0774-404A-8600-CA2E66444B6E}
		{15C77416-8376-49E9-AA69-19BCB8F26AA1} = {868126D5-0774-404A-8600-CA2E66444B6E}
		{CAFC87DF-EA77-4D93-9A21-A9B12B5D663F} = {868126D5-0774-404A-8600-CA2E66444B6E}
		{FC2CFA38-DF8A-4B2F-88CD-03FF0F331F7A} = {316941F7-50FE-42AF-9770-D22F53464044}
		{A70E59BD-DE6F-4A6E-A1A0-6A7653C2B57E} = {316941F7-50FE-42AF-9770-D22F53464044}
		{2615B463-9B8F-415D-8CD7-B56B63E16A43} = {FC182A33-6B0B-4495-AD12-80BF375525D5}
		{F7EB7ACD-4AF0-40C5-9115-A9CFEA500493} = {FC182A33-6B0B-4495-AD12-80BF375525D5}
		{A0993C59-41A5-4252-94EF-70A4D9C76863} = {CAFC87DF-EA77-4D93-9A21-A9B12B5D663F}
		{3A59E150-8C4B-4AB4-9297-61D9F3693E53} = {CAFC87DF-EA77-4D93-9A21-A9B12B5D663F}
		{9567F7A8-54D2-43D7-81E5-4814FC213BC3} = {15C77416-8376-49E9-AA69-19BCB8F26AA1}
		{B302B1F2-3B65-4DAA-8607-C8045A6A7012} = {A8AC2060-01F4-457B-B79C-1819BB10BF35}
		{B8DB9D58-EE53-40F1-9280-3FD9D809C4FC} = {A6B9EE30-9D22-4269-9398-C3CD49940A36}
		{174C412E-EDE9-4C69-A308-4232877D8325} = {A6B9EE30-9D22-4269-9398-C3CD49940A36}
		{9A814D0F-A9F7-40D5-97F9-36C4E6717422} = {A6B9EE30-9D22-4269-9398-C3CD49940A36}
		{2425A08E-8983-4F8A-9DED-35A6F8C73479} = {1F41A172-B612-4D78-A33D-B803475912DA}
		{20054B43-33DD-494D-AB2D-301B17F2EDAE} = {A6B9EE30-9D22-4269-9398-C3CD49940A36}
		{EEFAAD57-EEC1-4CFF-81AF-2F90ADBCE037} = {A8AC2060-01F4-457B-B79C-1819BB10BF35}
		{07AE4AA8-764D-467F-9C09-4BAC24D81D64} = {316941F7-50FE-42AF-9770-D22F53464044}
		{067456C0-086C-46A8-B37F-1405717B7BFC} = {A6B9EE30-9D22-4269-9398-C3CD49940A36}
	EndGlobalSection
EndGlobal
